
Microsoft Visual Studio Solution File, Format Version 12.00
# Visual Studio Version 16
VisualStudioVersion = 16.0.30503.244
MinimumVisualStudioVersion = 10.0.40219.1
Project("{FAE04EC0-301F-11D3-BF4B-00C04F79EFBC}") = "GUI", "GUI\GUI.csproj", "{B9D05945-F215-4037-BE3B-5BBA04EB4630}"
EndProject
Global
	GlobalSection(SolutionConfigurationPlatforms) = preSolution
		Debug|Any CPU = Debug|Any CPU
		Release|Any CPU = Release|Any CPU
	EndGlobalSection
	GlobalSection(ProjectConfigurationPlatforms) = postSolution
		{B9D05945-F215-4037-BE3B-5BBA04EB4630}.Debug|Any CPU.ActiveCfg = Debug|Any CPU
		{B9D05945-F215-4037-BE3B-5BBA04EB4630}.Debug|Any CPU.Build.0 = Debug|Any CPU
		{B9D05945-F215-4037-BE3B-5BBA04EB4630}.Release|Any CPU.ActiveCfg = Release|Any CPU
		{B9D05945-F215-4037-BE3B-5BBA04EB4630}.Release|Any CPU.Build.0 = Release|Any CPU
	EndGlobalSection
	GlobalSection(SolutionProperties) = preSolution
		HideSolutionNode = FALSE
	EndGlobalSection
	GlobalSection(ExtensibilityGlobals) = postSolution
		SolutionGuid = {CD394C1B-6A5A-4347-958A-8BE281A6C921}
	EndGlobalSection
EndGlobal
