
Microsoft Visual Studio Solution File, Format Version 12.00
# Visual Studio Version 16
VisualStudioVersion = 16.0.30611.23
MinimumVisualStudioVersion = 10.0.40219.1
Project("{FAE04EC0-301F-11D3-BF4B-00C04F79EFBC}") = "Week_2_Task_A", "Week_2_Task_A\Week_2_Task_A.csproj", "{50D421D4-9897-4FC2-914C-186487687979}"
EndProject
Global
	GlobalSection(SolutionConfigurationPlatforms) = preSolution
		Debug|Any CPU = Debug|Any CPU
		Release|Any CPU = Release|Any CPU
	EndGlobalSection
	GlobalSection(ProjectConfigurationPlatforms) = postSolution
		{50D421D4-9897-4FC2-914C-186487687979}.Debug|Any CPU.ActiveCfg = Debug|Any CPU
		{50D421D4-9897-4FC2-914C-186487687979}.Debug|Any CPU.Build.0 = Debug|Any CPU
		{50D421D4-9897-4FC2-914C-186487687979}.Release|Any CPU.ActiveCfg = Release|Any CPU
		{50D421D4-9897-4FC2-914C-186487687979}.Release|Any CPU.Build.0 = Release|Any CPU
	EndGlobalSection
	GlobalSection(SolutionProperties) = preSolution
		HideSolutionNode = FALSE
	EndGlobalSection
	GlobalSection(ExtensibilityGlobals) = postSolution
		SolutionGuid = {ED04D222-5EC9-4325-B76C-A8C25919BCF0}
	EndGlobalSection
EndGlobal
