
Microsoft Visual Studio Solution File, Format Version 12.00
# Visual Studio Version 16
VisualStudioVersion = 16.0.30611.23
MinimumVisualStudioVersion = 10.0.40219.1
Project("{FAE04EC0-301F-11D3-BF4B-00C04F79EFBC}") = "Week_3_Task_A", "Week_3_Task_A\Week_3_Task_A.csproj", "{0312563B-6C58-4B58-8FDF-5B3B0DA4FB3E}"
EndProject
Global
	GlobalSection(SolutionConfigurationPlatforms) = preSolution
		Debug|Any CPU = Debug|Any CPU
		Release|Any CPU = Release|Any CPU
	EndGlobalSection
	GlobalSection(ProjectConfigurationPlatforms) = postSolution
		{0312563B-6C58-4B58-8FDF-5B3B0DA4FB3E}.Debug|Any CPU.ActiveCfg = Debug|Any CPU
		{0312563B-6C58-4B58-8FDF-5B3B0DA4FB3E}.Debug|Any CPU.Build.0 = Debug|Any CPU
		{0312563B-6C58-4B58-8FDF-5B3B0DA4FB3E}.Release|Any CPU.ActiveCfg = Release|Any CPU
		{0312563B-6C58-4B58-8FDF-5B3B0DA4FB3E}.Release|Any CPU.Build.0 = Release|Any CPU
	EndGlobalSection
	GlobalSection(SolutionProperties) = preSolution
		HideSolutionNode = FALSE
	EndGlobalSection
	GlobalSection(ExtensibilityGlobals) = postSolution
		SolutionGuid = {E38CF842-18B9-43B3-ACD4-063555E52896}
	EndGlobalSection
EndGlobal
