
Microsoft Visual Studio Solution File, Format Version 12.00
# Visual Studio Version 16
VisualStudioVersion = 16.0.30503.244
MinimumVisualStudioVersion = 10.0.40219.1
Project("{FAE04EC0-301F-11D3-BF4B-00C04F79EFBC}") = "WebinarWeek1", "WebinarWeek1\WebinarWeek1.csproj", "{158114A0-9303-424A-AE58-8649B55AE6CD}"
EndProject
Global
	GlobalSection(SolutionConfigurationPlatforms) = preSolution
		Debug|Any CPU = Debug|Any CPU
		Release|Any CPU = Release|Any CPU
	EndGlobalSection
	GlobalSection(ProjectConfigurationPlatforms) = postSolution
		{158114A0-9303-424A-AE58-8649B55AE6CD}.Debug|Any CPU.ActiveCfg = Debug|Any CPU
		{158114A0-9303-424A-AE58-8649B55AE6CD}.Debug|Any CPU.Build.0 = Debug|Any CPU
		{158114A0-9303-424A-AE58-8649B55AE6CD}.Release|Any CPU.ActiveCfg = Release|Any CPU
		{158114A0-9303-424A-AE58-8649B55AE6CD}.Release|Any CPU.Build.0 = Release|Any CPU
	EndGlobalSection
	GlobalSection(SolutionProperties) = preSolution
		HideSolutionNode = FALSE
	EndGlobalSection
	GlobalSection(ExtensibilityGlobals) = postSolution
		SolutionGuid = {CD19705F-D509-41A2-8F95-7988B0089C84}
	EndGlobalSection
EndGlobal
