
Microsoft Visual Studio Solution File, Format Version 12.00
# Visual Studio Version 16
VisualStudioVersion = 16.0.30503.244
MinimumVisualStudioVersion = 10.0.40219.1
Project("{FAE04EC0-301F-11D3-BF4B-00C04F79EFBC}") = "Webinar_4b", "Webinar_4b\Webinar_4b.csproj", "{81B9312B-C549-49B8-B806-EEB95F4BC2F0}"
EndProject
Global
	GlobalSection(SolutionConfigurationPlatforms) = preSolution
		Debug|Any CPU = Debug|Any CPU
		Release|Any CPU = Release|Any CPU
	EndGlobalSection
	GlobalSection(ProjectConfigurationPlatforms) = postSolution
		{81B9312B-C549-49B8-B806-EEB95F4BC2F0}.Debug|Any CPU.ActiveCfg = Debug|Any CPU
		{81B9312B-C549-49B8-B806-EEB95F4BC2F0}.Debug|Any CPU.Build.0 = Debug|Any CPU
		{81B9312B-C549-49B8-B806-EEB95F4BC2F0}.Release|Any CPU.ActiveCfg = Release|Any CPU
		{81B9312B-C549-49B8-B806-EEB95F4BC2F0}.Release|Any CPU.Build.0 = Release|Any CPU
	EndGlobalSection
	GlobalSection(SolutionProperties) = preSolution
		HideSolutionNode = FALSE
	EndGlobalSection
	GlobalSection(ExtensibilityGlobals) = postSolution
		SolutionGuid = {00ACC7E6-D3B0-46BB-8559-747F7CF37ABC}
	EndGlobalSection
EndGlobal
