
Microsoft Visual Studio Solution File, Format Version 12.00
# Visual Studio Version 16
VisualStudioVersion = 16.0.30611.23
MinimumVisualStudioVersion = 10.0.40219.1
Project("{FAE04EC0-301F-11D3-BF4B-00C04F79EFBC}") = "Week_2_Task_B", "Week_2_Task_B\Week_2_Task_B.csproj", "{C003532C-4EDF-4E93-BBCA-93CBA01EB15B}"
EndProject
Global
	GlobalSection(SolutionConfigurationPlatforms) = preSolution
		Debug|Any CPU = Debug|Any CPU
		Release|Any CPU = Release|Any CPU
	EndGlobalSection
	GlobalSection(ProjectConfigurationPlatforms) = postSolution
		{C003532C-4EDF-4E93-BBCA-93CBA01EB15B}.Debug|Any CPU.ActiveCfg = Debug|Any CPU
		{C003532C-4EDF-4E93-BBCA-93CBA01EB15B}.Debug|Any CPU.Build.0 = Debug|Any CPU
		{C003532C-4EDF-4E93-BBCA-93CBA01EB15B}.Release|Any CPU.ActiveCfg = Release|Any CPU
		{C003532C-4EDF-4E93-BBCA-93CBA01EB15B}.Release|Any CPU.Build.0 = Release|Any CPU
	EndGlobalSection
	GlobalSection(SolutionProperties) = preSolution
		HideSolutionNode = FALSE
	EndGlobalSection
	GlobalSection(ExtensibilityGlobals) = postSolution
		SolutionGuid = {DD7A82F6-BD36-401A-AA73-9DDFF2E4C3D9}
	EndGlobalSection
EndGlobal
