
Microsoft Visual Studio Solution File, Format Version 12.00
# Visual Studio Version 16
VisualStudioVersion = 16.0.30611.23
MinimumVisualStudioVersion = 10.0.40219.1
Project("{FAE04EC0-301F-11D3-BF4B-00C04F79EFBC}") = "Week_4_Task_B", "Week_4_Task_B\Week_4_Task_B.csproj", "{CB8D2EE2-67E4-4F9E-A33B-CFA9C43A4440}"
EndProject
Global
	GlobalSection(SolutionConfigurationPlatforms) = preSolution
		Debug|Any CPU = Debug|Any CPU
		Release|Any CPU = Release|Any CPU
	EndGlobalSection
	GlobalSection(ProjectConfigurationPlatforms) = postSolution
		{CB8D2EE2-67E4-4F9E-A33B-CFA9C43A4440}.Debug|Any CPU.ActiveCfg = Debug|Any CPU
		{CB8D2EE2-67E4-4F9E-A33B-CFA9C43A4440}.Debug|Any CPU.Build.0 = Debug|Any CPU
		{CB8D2EE2-67E4-4F9E-A33B-CFA9C43A4440}.Release|Any CPU.ActiveCfg = Release|Any CPU
		{CB8D2EE2-67E4-4F9E-A33B-CFA9C43A4440}.Release|Any CPU.Build.0 = Release|Any CPU
	EndGlobalSection
	GlobalSection(SolutionProperties) = preSolution
		HideSolutionNode = FALSE
	EndGlobalSection
	GlobalSection(ExtensibilityGlobals) = postSolution
		SolutionGuid = {DDFDB712-D54B-44D2-A303-6659E085C8FE}
	EndGlobalSection
EndGlobal
