
Microsoft Visual Studio Solution File, Format Version 12.00
# Visual Studio Version 16
VisualStudioVersion = 16.0.30503.244
MinimumVisualStudioVersion = 10.0.40219.1
Project("{FAE04EC0-301F-11D3-BF4B-00C04F79EFBC}") = "Numbers", "Numbers\Numbers.csproj", "{DAA3CB59-0A59-4CF7-B862-79E55D0B7614}"
EndProject
Global
	GlobalSection(SolutionConfigurationPlatforms) = preSolution
		Debug|Any CPU = Debug|Any CPU
		Release|Any CPU = Release|Any CPU
	EndGlobalSection
	GlobalSection(ProjectConfigurationPlatforms) = postSolution
		{DAA3CB59-0A59-4CF7-B862-79E55D0B7614}.Debug|Any CPU.ActiveCfg = Debug|Any CPU
		{DAA3CB59-0A59-4CF7-B862-79E55D0B7614}.Debug|Any CPU.Build.0 = Debug|Any CPU
		{DAA3CB59-0A59-4CF7-B862-79E55D0B7614}.Release|Any CPU.ActiveCfg = Release|Any CPU
		{DAA3CB59-0A59-4CF7-B862-79E55D0B7614}.Release|Any CPU.Build.0 = Release|Any CPU
	EndGlobalSection
	GlobalSection(SolutionProperties) = preSolution
		HideSolutionNode = FALSE
	EndGlobalSection
	GlobalSection(ExtensibilityGlobals) = postSolution
		SolutionGuid = {B82C9214-D76E-496F-B699-1EC5B04FF4BA}
	EndGlobalSection
EndGlobal
