
Microsoft Visual Studio Solution File, Format Version 12.00
# Visual Studio Version 16
VisualStudioVersion = 16.0.30611.23
MinimumVisualStudioVersion = 10.0.40219.1
Project("{FAE04EC0-301F-11D3-BF4B-00C04F79EFBC}") = "Week_3_Task_B", "Week_3_Task_B\Week_3_Task_B.csproj", "{3AA481F4-A64E-4914-BB78-F81C6D5041CB}"
EndProject
Global
	GlobalSection(SolutionConfigurationPlatforms) = preSolution
		Debug|Any CPU = Debug|Any CPU
		Release|Any CPU = Release|Any CPU
	EndGlobalSection
	GlobalSection(ProjectConfigurationPlatforms) = postSolution
		{3AA481F4-A64E-4914-BB78-F81C6D5041CB}.Debug|Any CPU.ActiveCfg = Debug|Any CPU
		{3AA481F4-A64E-4914-BB78-F81C6D5041CB}.Debug|Any CPU.Build.0 = Debug|Any CPU
		{3AA481F4-A64E-4914-BB78-F81C6D5041CB}.Release|Any CPU.ActiveCfg = Release|Any CPU
		{3AA481F4-A64E-4914-BB78-F81C6D5041CB}.Release|Any CPU.Build.0 = Release|Any CPU
	EndGlobalSection
	GlobalSection(SolutionProperties) = preSolution
		HideSolutionNode = FALSE
	EndGlobalSection
	GlobalSection(ExtensibilityGlobals) = postSolution
		SolutionGuid = {7A961E5A-CDD3-4F96-BAFB-2FEBE7D15762}
	EndGlobalSection
EndGlobal
