
Microsoft Visual Studio Solution File, Format Version 12.00
# Visual Studio Version 16
VisualStudioVersion = 16.0.30503.244
MinimumVisualStudioVersion = 10.0.40219.1
Project("{FAE04EC0-301F-11D3-BF4B-00C04F79EFBC}") = "Week_5_Task_A", "Week_5_Task_A\Week_5_Task_A.csproj", "{F632E390-3F49-4456-8A6D-6A702DBD35E6}"
EndProject
Global
	GlobalSection(SolutionConfigurationPlatforms) = preSolution
		Debug|Any CPU = Debug|Any CPU
		Release|Any CPU = Release|Any CPU
	EndGlobalSection
	GlobalSection(ProjectConfigurationPlatforms) = postSolution
		{F632E390-3F49-4456-8A6D-6A702DBD35E6}.Debug|Any CPU.ActiveCfg = Debug|Any CPU
		{F632E390-3F49-4456-8A6D-6A702DBD35E6}.Debug|Any CPU.Build.0 = Debug|Any CPU
		{F632E390-3F49-4456-8A6D-6A702DBD35E6}.Release|Any CPU.ActiveCfg = Release|Any CPU
		{F632E390-3F49-4456-8A6D-6A702DBD35E6}.Release|Any CPU.Build.0 = Release|Any CPU
	EndGlobalSection
	GlobalSection(SolutionProperties) = preSolution
		HideSolutionNode = FALSE
	EndGlobalSection
	GlobalSection(ExtensibilityGlobals) = postSolution
		SolutionGuid = {D136EC03-D73C-4FD0-AA5A-103EE9C9521B}
	EndGlobalSection
EndGlobal
